
Microsoft Visual Studio Solution File, Format Version 12.00
# Visual Studio Version 16
VisualStudioVersion = 16.0.29411.108
MinimumVisualStudioVersion = 10.0.40219.1
Project("{8BC9CEB8-8B4A-11D0-8D11-00A0C91BC942}") = "Project1", "Project1.vcxproj", "{C11C9F54-5E0B-47E7-9799-C42147CCEE70}"
EndProject
Project("{8BC9CEB8-8B4A-11D0-8D11-00A0C91BC942}") = "Project2", "..\Project2\Project2.vcxproj", "{2A917A79-733A-4B29-BE8D-4204389CAF8D}"
EndProject
Global
	GlobalSection(SolutionConfigurationPlatforms) = preSolution
		Debug|x64 = Debug|x64
		Debug|x86 = Debug|x86
		Release|x64 = Release|x64
		Release|x86 = Release|x86
	EndGlobalSection
	GlobalSection(ProjectConfigurationPlatforms) = postSolution
		{C11C9F54-5E0B-47E7-9799-C42147CCEE70}.Debug|x64.ActiveCfg = Debug|x64
		{C11C9F54-5E0B-47E7-9799-C42147CCEE70}.Debug|x64.Build.0 = Debug|x64
		{C11C9F54-5E0B-47E7-9799-C42147CCEE70}.Debug|x86.ActiveCfg = Debug|Win32
		{C11C9F54-5E0B-47E7-9799-C42147CCEE70}.Debug|x86.Build.0 = Debug|Win32
		{C11C9F54-5E0B-47E7-9799-C42147CCEE70}.Release|x64.ActiveCfg = Release|x64
		{C11C9F54-5E0B-47E7-9799-C42147CCEE70}.Release|x64.Build.0 = Release|x64
		{C11C9F54-5E0B-47E7-9799-C42147CCEE70}.Release|x86.ActiveCfg = Release|Win32
		{C11C9F54-5E0B-47E7-9799-C42147CCEE70}.Release|x86.Build.0 = Release|Win32
		{2A917A79-733A-4B29-BE8D-4204389CAF8D}.Debug|x64.ActiveCfg = Debug|x64
		{2A917A79-733A-4B29-BE8D-4204389CAF8D}.Debug|x64.Build.0 = Debug|x64
		{2A917A79-733A-4B29-BE8D-4204389CAF8D}.Debug|x86.ActiveCfg = Debug|Win32
		{2A917A79-733A-4B29-BE8D-4204389CAF8D}.Debug|x86.Build.0 = Debug|Win32
		{2A917A79-733A-4B29-BE8D-4204389CAF8D}.Release|x64.ActiveCfg = Release|x64
		{2A917A79-733A-4B29-BE8D-4204389CAF8D}.Release|x64.Build.0 = Release|x64
		{2A917A79-733A-4B29-BE8D-4204389CAF8D}.Release|x86.ActiveCfg = Release|Win32
		{2A917A79-733A-4B29-BE8D-4204389CAF8D}.Release|x86.Build.0 = Release|Win32
	EndGlobalSection
	GlobalSection(SolutionProperties) = preSolution
		HideSolutionNode = FALSE
	EndGlobalSection
	GlobalSection(ExtensibilityGlobals) = postSolution
		SolutionGuid = {05EE242D-C8D6-44DE-9696-68D08E843E8A}
	EndGlobalSection
EndGlobal
